Microsoft Visual Studio Solution File, Format Version 12.00
# Visual Studio Version 17
VisualStudioVersion = 17.1.32120.378
MinimumVisualStudioVersion = 16.0.0.0
Project("{9A19103F-16F7-4668-BE54-9A1E7A4F7556}") = "CarChecker.Server", "Server\CarChecker.Server.csproj", "{28148247-170D-49AE-A367-7984410446CF}"
EndProject
Project("{9A19103F-16F7-4668-BE54-9A1E7A4F7556}") = "CarChecker.Client", "Client\CarChecker.Client.csproj", "{985FD988-9FA6-4305-A7BB-70E31DF1D0B8}"
EndProject
Project("{9A19103F-16F7-4668-BE54-9A1E7A4F7556}") = "CarChecker.Shared", "Shared\CarChecker.Shared.csproj", "{C5DD5CF5-8462-4433-B463-E3F3EA6F0FA1}"
EndProject
Project("{9A19103F-16F7-4668-BE54-9A1E7A4F7556}") = "ComponentsPractice", "ComponentsPractice\ComponentsPractice.csproj", "{8DACEA11-955D-499C-816F-C2677E036F24}"
EndProject
Project("{9A19103F-16F7-4668-BE54-9A1E7A4F7556}") = "CSSPractise", "CSSPractise\CSSPractise.csproj", "{8FDF3EEB-6527-4E6D-A4AE-45DE15BE5487}"
EndProject
Project("{9A19103F-16F7-4668-BE54-9A1E7A4F7556}") = "ProgressivePractice", "ProgressivePractice\ProgressivePractice.csproj", "{4E9BE1F1-A764-49B5-8C8D-4C6310B291C2}"
EndProject
Project("{FAE04EC0-301F-11D3-BF4B-00C04F79EFBC}") = "LocalizationPractice", "LocalizationPractice\LocalizationPractice.csproj", "{AE09D83F-DAE4-469F-B500-8847221AEB61}"
EndProject
Global
	GlobalSection(SolutionConfigurationPlatforms) = preSolution
		Debug|Any CPU = Debug|Any CPU
		Debug|x64 = Debug|x64
		Debug|x86 = Debug|x86
		Release|Any CPU = Release|Any CPU
		Release|x64 = Release|x64
		Release|x86 = Release|x86
	EndGlobalSection
	GlobalSection(ProjectConfigurationPlatforms) = postSolution
		{28148247-170D-49AE-A367-7984410446CF}.Debug|Any CPU.ActiveCfg = Debug|Any CPU
		{28148247-170D-49AE-A367-7984410446CF}.Debug|Any CPU.Build.0 = Debug|Any CPU
		{28148247-170D-49AE-A367-7984410446CF}.Debug|x64.ActiveCfg = Debug|Any CPU
		{28148247-170D-49AE-A367-7984410446CF}.Debug|x64.Build.0 = Debug|Any CPU
		{28148247-170D-49AE-A367-7984410446CF}.Debug|x86.ActiveCfg = Debug|Any CPU
		{28148247-170D-49AE-A367-7984410446CF}.Debug|x86.Build.0 = Debug|Any CPU
		{28148247-170D-49AE-A367-7984410446CF}.Release|Any CPU.ActiveCfg = Release|Any CPU
		{28148247-170D-49AE-A367-7984410446CF}.Release|Any CPU.Build.0 = Release|Any CPU
		{28148247-170D-49AE-A367-7984410446CF}.Release|x64.ActiveCfg = Release|Any CPU
		{28148247-170D-49AE-A367-7984410446CF}.Release|x64.Build.0 = Release|Any CPU
		{28148247-170D-49AE-A367-7984410446CF}.Release|x86.ActiveCfg = Release|Any CPU
		{28148247-170D-49AE-A367-7984410446CF}.Release|x86.Build.0 = Release|Any CPU
		{985FD988-9FA6-4305-A7BB-70E31DF1D0B8}.Debug|Any CPU.ActiveCfg = Debug|Any CPU
		{985FD988-9FA6-4305-A7BB-70E31DF1D0B8}.Debug|Any CPU.Build.0 = Debug|Any CPU
		{985FD988-9FA6-4305-A7BB-70E31DF1D0B8}.Debug|x64.ActiveCfg = Debug|Any CPU
		{985FD988-9FA6-4305-A7BB-70E31DF1D0B8}.Debug|x64.Build.0 = Debug|Any CPU
		{985FD988-9FA6-4305-A7BB-70E31DF1D0B8}.Debug|x86.ActiveCfg = Debug|Any CPU
		{985FD988-9FA6-4305-A7BB-70E31DF1D0B8}.Debug|x86.Build.0 = Debug|Any CPU
		{985FD988-9FA6-4305-A7BB-70E31DF1D0B8}.Release|Any CPU.ActiveCfg = Release|Any CPU
		{985FD988-9FA6-4305-A7BB-70E31DF1D0B8}.Release|Any CPU.Build.0 = Release|Any CPU
		{985FD988-9FA6-4305-A7BB-70E31DF1D0B8}.Release|x64.ActiveCfg = Release|Any CPU
		{985FD988-9FA6-4305-A7BB-70E31DF1D0B8}.Release|x64.Build.0 = Release|Any CPU
		{985FD988-9FA6-4305-A7BB-70E31DF1D0B8}.Release|x86.ActiveCfg = Release|Any CPU
		{985FD988-9FA6-4305-A7BB-70E31DF1D0B8}.Release|x86.Build.0 = Release|Any CPU
		{C5DD5CF5-8462-4433-B463-E3F3EA6F0FA1}.Debug|Any CPU.ActiveCfg = Debug|Any CPU
		{C5DD5CF5-8462-4433-B463-E3F3EA6F0FA1}.Debug|Any CPU.Build.0 = Debug|Any CPU
		{C5DD5CF5-8462-4433-B463-E3F3EA6F0FA1}.Debug|x64.ActiveCfg = Debug|Any CPU
		{C5DD5CF5-8462-4433-B463-E3F3EA6F0FA1}.Debug|x64.Build.0 = Debug|Any CPU
		{C5DD5CF5-8462-4433-B463-E3F3EA6F0FA1}.Debug|x86.ActiveCfg = Debug|Any CPU
		{C5DD5CF5-8462-4433-B463-E3F3EA6F0FA1}.Debug|x86.Build.0 = Debug|Any CPU
		{C5DD5CF5-8462-4433-B463-E3F3EA6F0FA1}.Release|Any CPU.ActiveCfg = Release|Any CPU
		{C5DD5CF5-8462-4433-B463-E3F3EA6F0FA1}.Release|Any CPU.Build.0 = Release|Any CPU
		{C5DD5CF5-8462-4433-B463-E3F3EA6F0FA1}.Release|x64.ActiveCfg = Release|Any CPU
		{C5DD5CF5-8462-4433-B463-E3F3EA6F0FA1}.Release|x64.Build.0 = Release|Any CPU
		{C5DD5CF5-8462-4433-B463-E3F3EA6F0FA1}.Release|x86.ActiveCfg = Release|Any CPU
		{C5DD5CF5-8462-4433-B463-E3F3EA6F0FA1}.Release|x86.Build.0 = Release|Any CPU
		{8DACEA11-955D-499C-816F-C2677E036F24}.Debug|Any CPU.ActiveCfg = Debug|Any CPU
		{8DACEA11-955D-499C-816F-C2677E036F24}.Debug|Any CPU.Build.0 = Debug|Any CPU
		{8DACEA11-955D-499C-816F-C2677E036F24}.Debug|x64.ActiveCfg = Debug|Any CPU
		{8DACEA11-955D-499C-816F-C2677E036F24}.Debug|x64.Build.0 = Debug|Any CPU
		{8DACEA11-955D-499C-816F-C2677E036F24}.Debug|x86.ActiveCfg = Debug|Any CPU
		{8DACEA11-955D-499C-816F-C2677E036F24}.Debug|x86.Build.0 = Debug|Any CPU
		{8DACEA11-955D-499C-816F-C2677E036F24}.Release|Any CPU.ActiveCfg = Release|Any CPU
		{8DACEA11-955D-499C-816F-C2677E036F24}.Release|Any CPU.Build.0 = Release|Any CPU
		{8DACEA11-955D-499C-816F-C2677E036F24}.Release|x64.ActiveCfg = Release|Any CPU
		{8DACEA11-955D-499C-816F-C2677E036F24}.Release|x64.Build.0 = Release|Any CPU
		{8DACEA11-955D-499C-816F-C2677E036F24}.Release|x86.ActiveCfg = Release|Any CPU
		{8DACEA11-955D-499C-816F-C2677E036F24}.Release|x86.Build.0 = Release|Any CPU
		{8FDF3EEB-6527-4E6D-A4AE-45DE15BE5487}.Debug|Any CPU.ActiveCfg = Debug|Any CPU
		{8FDF3EEB-6527-4E6D-A4AE-45DE15BE5487}.Debug|Any CPU.Build.0 = Debug|Any CPU
		{8FDF3EEB-6527-4E6D-A4AE-45DE15BE5487}.Debug|x64.ActiveCfg = Debug|Any CPU
		{8FDF3EEB-6527-4E6D-A4AE-45DE15BE5487}.Debug|x64.Build.0 = Debug|Any CPU
		{8FDF3EEB-6527-4E6D-A4AE-45DE15BE5487}.Debug|x86.ActiveCfg = Debug|Any CPU
		{8FDF3EEB-6527-4E6D-A4AE-45DE15BE5487}.Debug|x86.Build.0 = Debug|Any CPU
		{8FDF3EEB-6527-4E6D-A4AE-45DE15BE5487}.Release|Any CPU.ActiveCfg = Release|Any CPU
		{8FDF3EEB-6527-4E6D-A4AE-45DE15BE5487}.Release|Any CPU.Build.0 = Release|Any CPU
		{8FDF3EEB-6527-4E6D-A4AE-45DE15BE5487}.Release|x64.ActiveCfg = Release|Any CPU
		{8FDF3EEB-6527-4E6D-A4AE-45DE15BE5487}.Release|x64.Build.0 = Release|Any CPU
		{8FDF3EEB-6527-4E6D-A4AE-45DE15BE5487}.Release|x86.ActiveCfg = Release|Any CPU
		{8FDF3EEB-6527-4E6D-A4AE-45DE15BE5487}.Release|x86.Build.0 = Release|Any CPU
		{4E9BE1F1-A764-49B5-8C8D-4C6310B291C2}.Debug|Any CPU.ActiveCfg = Debug|Any CPU
		{4E9BE1F1-A764-49B5-8C8D-4C6310B291C2}.Debug|Any CPU.Build.0 = Debug|Any CPU
		{4E9BE1F1-A764-49B5-8C8D-4C6310B291C2}.Debug|x64.ActiveCfg = Debug|Any CPU
		{4E9BE1F1-A764-49B5-8C8D-4C6310B291C2}.Debug|x64.Build.0 = Debug|Any CPU
		{4E9BE1F1-A764-49B5-8C8D-4C6310B291C2}.Debug|x86.ActiveCfg = Debug|Any CPU
		{4E9BE1F1-A764-49B5-8C8D-4C6310B291C2}.Debug|x86.Build.0 = Debug|Any CPU
		{4E9BE1F1-A764-49B5-8C8D-4C6310B291C2}.Release|Any CPU.ActiveCfg = Release|Any CPU
		{4E9BE1F1-A764-49B5-8C8D-4C6310B291C2}.Release|Any CPU.Build.0 = Release|Any CPU
		{4E9BE1F1-A764-49B5-8C8D-4C6310B291C2}.Release|x64.ActiveCfg = Release|Any CPU
		{4E9BE1F1-A764-49B5-8C8D-4C6310B291C2}.Release|x64.Build.0 = Release|Any CPU
		{4E9BE1F1-A764-49B5-8C8D-4C6310B291C2}.Release|x86.ActiveCfg = Release|Any CPU
		{4E9BE1F1-A764-49B5-8C8D-4C6310B291C2}.Release|x86.Build.0 = Release|Any CPU
		{AE09D83F-DAE4-469F-B500-8847221AEB61}.Debug|Any CPU.ActiveCfg = Debug|Any CPU
		{AE09D83F-DAE4-469F-B500-8847221AEB61}.Debug|Any CPU.Build.0 = Debug|Any CPU
		{AE09D83F-DAE4-469F-B500-8847221AEB61}.Debug|x64.ActiveCfg = Debug|Any CPU
		{AE09D83F-DAE4-469F-B500-8847221AEB61}.Debug|x64.Build.0 = Debug|Any CPU
		{AE09D83F-DAE4-469F-B500-8847221AEB61}.Debug|x86.ActiveCfg = Debug|Any CPU
		{AE09D83F-DAE4-469F-B500-8847221AEB61}.Debug|x86.Build.0 = Debug|Any CPU
		{AE09D83F-DAE4-469F-B500-8847221AEB61}.Release|Any CPU.ActiveCfg = Release|Any CPU
		{AE09D83F-DAE4-469F-B500-8847221AEB61}.Release|Any CPU.Build.0 = Release|Any CPU
		{AE09D83F-DAE4-469F-B500-8847221AEB61}.Release|x64.ActiveCfg = Release|Any CPU
		{AE09D83F-DAE4-469F-B500-8847221AEB61}.Release|x64.Build.0 = Release|Any CPU
		{AE09D83F-DAE4-469F-B500-8847221AEB61}.Release|x86.ActiveCfg = Release|Any CPU
		{AE09D83F-DAE4-469F-B500-8847221AEB61}.Release|x86.Build.0 = Release|Any CPU
	EndGlobalSection
	GlobalSection(SolutionProperties) = preSolution
		HideSolutionNode = FALSE
	EndGlobalSection
	GlobalSection(ExtensibilityGlobals) = postSolution
		SolutionGuid = {C511E458-9B4D-4D16-AB90-69DC35B0F57B}
	EndGlobalSection
EndGlobal
